
Microsoft Visual Studio Solution File, Format Version 12.00
# Visual Studio Version 16
VisualStudioVersion = 16.0.30907.101
MinimumVisualStudioVersion = 10.0.40219.1
Project("{9A19103F-16F7-4668-BE54-9A1E7A4F7556}") = "Core", "Core\Core.csproj", "{7D2D916E-9AEA-4ED3-AC2C-714AA0B51E7D}"
EndProject
Project("{FAE04EC0-301F-11D3-BF4B-00C04F79EFBC}") = "CoreTest", "CoreTest\CoreTest.csproj", "{30EA2601-086F-4AB2-BAA5-A42C718DA4C7}"
EndProject
Project("{FAE04EC0-301F-11D3-BF4B-00C04F79EFBC}") = "Storage", "Storage\Storage.csproj", "{4982FA3E-7601-4D63-B9E8-46F22961D7B9}"
EndProject
Global
	GlobalSection(SolutionConfigurationPlatforms) = preSolution
		Debug|Any CPU = Debug|Any CPU
		Release|Any CPU = Release|Any CPU
	EndGlobalSection
	GlobalSection(ProjectConfigurationPlatforms) = postSolution
		{7D2D916E-9AEA-4ED3-AC2C-714AA0B51E7D}.Debug|Any CPU.ActiveCfg = Debug|Any CPU
		{7D2D916E-9AEA-4ED3-AC2C-714AA0B51E7D}.Debug|Any CPU.Build.0 = Debug|Any CPU
		{7D2D916E-9AEA-4ED3-AC2C-714AA0B51E7D}.Release|Any CPU.ActiveCfg = Release|Any CPU
		{7D2D916E-9AEA-4ED3-AC2C-714AA0B51E7D}.Release|Any CPU.Build.0 = Release|Any CPU
		{30EA2601-086F-4AB2-BAA5-A42C718DA4C7}.Debug|Any CPU.ActiveCfg = Debug|Any CPU
		{30EA2601-086F-4AB2-BAA5-A42C718DA4C7}.Debug|Any CPU.Build.0 = Debug|Any CPU
		{30EA2601-086F-4AB2-BAA5-A42C718DA4C7}.Release|Any CPU.ActiveCfg = Release|Any CPU
		{30EA2601-086F-4AB2-BAA5-A42C718DA4C7}.Release|Any CPU.Build.0 = Release|Any CPU
		{4982FA3E-7601-4D63-B9E8-46F22961D7B9}.Debug|Any CPU.ActiveCfg = Debug|Any CPU
		{4982FA3E-7601-4D63-B9E8-46F22961D7B9}.Debug|Any CPU.Build.0 = Debug|Any CPU
		{4982FA3E-7601-4D63-B9E8-46F22961D7B9}.Release|Any CPU.ActiveCfg = Release|Any CPU
		{4982FA3E-7601-4D63-B9E8-46F22961D7B9}.Release|Any CPU.Build.0 = Release|Any CPU
	EndGlobalSection
	GlobalSection(SolutionProperties) = preSolution
		HideSolutionNode = FALSE
	EndGlobalSection
	GlobalSection(ExtensibilityGlobals) = postSolution
		SolutionGuid = {3649888A-8166-4DE5-B591-5FC91788B82E}
	EndGlobalSection
EndGlobal
