
Microsoft Visual Studio Solution File, Format Version 12.00
# Visual Studio Version 16
VisualStudioVersion = 16.0.30907.101
MinimumVisualStudioVersion = 10.0.40219.1
Project("{9A19103F-16F7-4668-BE54-9A1E7A4F7556}") = "Core", "Core\Core.csproj", "{7D2D916E-9AEA-4ED3-AC2C-714AA0B51E7D}"
EndProject
Project("{FAE04EC0-301F-11D3-BF4B-00C04F79EFBC}") = "CoreTest", "CoreTest\CoreTest.csproj", "{30EA2601-086F-4AB2-BAA5-A42C718DA4C7}"
EndProject
Project("{9A19103F-16F7-4668-BE54-9A1E7A4F7556}") = "Storage", "Storage\Storage.csproj", "{4982FA3E-7601-4D63-B9E8-46F22961D7B9}"
EndProject
Project("{FAE04EC0-301F-11D3-BF4B-00C04F79EFBC}") = "StorageTest", "StorageTest\StorageTest.csproj", "{1C129AC6-5F17-433E-AD8C-FA405EB11F29}"
EndProject
Project("{9A19103F-16F7-4668-BE54-9A1E7A4F7556}") = "curdir", "curdir\curdir.csproj", "{0397DDAE-7BFB-4CB5-80CA-8AE91D1B39E2}"
EndProject
Project("{9A19103F-16F7-4668-BE54-9A1E7A4F7556}") = "addtmrw", "addtmrw\addtmrw.csproj", "{64D17781-CD60-4545-8C91-D16911D69B05}"
EndProject
Project("{9A19103F-16F7-4668-BE54-9A1E7A4F7556}") = "addprs", "addprs\addprs.csproj", "{FAF82F46-CDC2-4901-BB23-D859A1409D80}"
EndProject
Project("{9A19103F-16F7-4668-BE54-9A1E7A4F7556}") = "UtilitiesSharedService", "UtilitiesSharedService\UtilitiesSharedService.csproj", "{A7AA8F19-7762-4351-AD28-2390B8C20A6B}"
EndProject
Project("{9A19103F-16F7-4668-BE54-9A1E7A4F7556}") = "prs", "prs\prs.csproj", "{70584B6D-DCE7-4378-91D8-0027BF04383F}"
EndProject
Project("{9A19103F-16F7-4668-BE54-9A1E7A4F7556}") = "complpr", "complpr\complpr.csproj", "{3F30FC3A-A0EB-41E8-AEA1-1A362EA9FBC5}"
EndProject
Project("{FAE04EC0-301F-11D3-BF4B-00C04F79EFBC}") = "gettdy", "gettdy\gettdy.csproj", "{D9744256-9446-4496-B0EA-62043D1B3352}"
EndProject
Global
	GlobalSection(SolutionConfigurationPlatforms) = preSolution
		Debug|Any CPU = Debug|Any CPU
		Release|Any CPU = Release|Any CPU
	EndGlobalSection
	GlobalSection(ProjectConfigurationPlatforms) = postSolution
		{7D2D916E-9AEA-4ED3-AC2C-714AA0B51E7D}.Debug|Any CPU.ActiveCfg = Debug|Any CPU
		{7D2D916E-9AEA-4ED3-AC2C-714AA0B51E7D}.Debug|Any CPU.Build.0 = Debug|Any CPU
		{7D2D916E-9AEA-4ED3-AC2C-714AA0B51E7D}.Release|Any CPU.ActiveCfg = Release|Any CPU
		{7D2D916E-9AEA-4ED3-AC2C-714AA0B51E7D}.Release|Any CPU.Build.0 = Release|Any CPU
		{30EA2601-086F-4AB2-BAA5-A42C718DA4C7}.Debug|Any CPU.ActiveCfg = Debug|Any CPU
		{30EA2601-086F-4AB2-BAA5-A42C718DA4C7}.Debug|Any CPU.Build.0 = Debug|Any CPU
		{30EA2601-086F-4AB2-BAA5-A42C718DA4C7}.Release|Any CPU.ActiveCfg = Release|Any CPU
		{30EA2601-086F-4AB2-BAA5-A42C718DA4C7}.Release|Any CPU.Build.0 = Release|Any CPU
		{4982FA3E-7601-4D63-B9E8-46F22961D7B9}.Debug|Any CPU.ActiveCfg = Debug|Any CPU
		{4982FA3E-7601-4D63-B9E8-46F22961D7B9}.Debug|Any CPU.Build.0 = Debug|Any CPU
		{4982FA3E-7601-4D63-B9E8-46F22961D7B9}.Release|Any CPU.ActiveCfg = Release|Any CPU
		{4982FA3E-7601-4D63-B9E8-46F22961D7B9}.Release|Any CPU.Build.0 = Release|Any CPU
		{1C129AC6-5F17-433E-AD8C-FA405EB11F29}.Debug|Any CPU.ActiveCfg = Debug|Any CPU
		{1C129AC6-5F17-433E-AD8C-FA405EB11F29}.Debug|Any CPU.Build.0 = Debug|Any CPU
		{1C129AC6-5F17-433E-AD8C-FA405EB11F29}.Release|Any CPU.ActiveCfg = Release|Any CPU
		{1C129AC6-5F17-433E-AD8C-FA405EB11F29}.Release|Any CPU.Build.0 = Release|Any CPU
		{0397DDAE-7BFB-4CB5-80CA-8AE91D1B39E2}.Debug|Any CPU.ActiveCfg = Debug|Any CPU
		{0397DDAE-7BFB-4CB5-80CA-8AE91D1B39E2}.Debug|Any CPU.Build.0 = Debug|Any CPU
		{0397DDAE-7BFB-4CB5-80CA-8AE91D1B39E2}.Release|Any CPU.ActiveCfg = Release|Any CPU
		{0397DDAE-7BFB-4CB5-80CA-8AE91D1B39E2}.Release|Any CPU.Build.0 = Release|Any CPU
		{64D17781-CD60-4545-8C91-D16911D69B05}.Debug|Any CPU.ActiveCfg = Debug|Any CPU
		{64D17781-CD60-4545-8C91-D16911D69B05}.Debug|Any CPU.Build.0 = Debug|Any CPU
		{64D17781-CD60-4545-8C91-D16911D69B05}.Release|Any CPU.ActiveCfg = Release|Any CPU
		{64D17781-CD60-4545-8C91-D16911D69B05}.Release|Any CPU.Build.0 = Release|Any CPU
		{FAF82F46-CDC2-4901-BB23-D859A1409D80}.Debug|Any CPU.ActiveCfg = Debug|Any CPU
		{FAF82F46-CDC2-4901-BB23-D859A1409D80}.Debug|Any CPU.Build.0 = Debug|Any CPU
		{FAF82F46-CDC2-4901-BB23-D859A1409D80}.Release|Any CPU.ActiveCfg = Release|Any CPU
		{FAF82F46-CDC2-4901-BB23-D859A1409D80}.Release|Any CPU.Build.0 = Release|Any CPU
		{A7AA8F19-7762-4351-AD28-2390B8C20A6B}.Debug|Any CPU.ActiveCfg = Debug|Any CPU
		{A7AA8F19-7762-4351-AD28-2390B8C20A6B}.Debug|Any CPU.Build.0 = Debug|Any CPU
		{A7AA8F19-7762-4351-AD28-2390B8C20A6B}.Release|Any CPU.ActiveCfg = Release|Any CPU
		{A7AA8F19-7762-4351-AD28-2390B8C20A6B}.Release|Any CPU.Build.0 = Release|Any CPU
		{70584B6D-DCE7-4378-91D8-0027BF04383F}.Debug|Any CPU.ActiveCfg = Debug|Any CPU
		{70584B6D-DCE7-4378-91D8-0027BF04383F}.Debug|Any CPU.Build.0 = Debug|Any CPU
		{70584B6D-DCE7-4378-91D8-0027BF04383F}.Release|Any CPU.ActiveCfg = Release|Any CPU
		{70584B6D-DCE7-4378-91D8-0027BF04383F}.Release|Any CPU.Build.0 = Release|Any CPU
		{3F30FC3A-A0EB-41E8-AEA1-1A362EA9FBC5}.Debug|Any CPU.ActiveCfg = Debug|Any CPU
		{3F30FC3A-A0EB-41E8-AEA1-1A362EA9FBC5}.Debug|Any CPU.Build.0 = Debug|Any CPU
		{3F30FC3A-A0EB-41E8-AEA1-1A362EA9FBC5}.Release|Any CPU.ActiveCfg = Release|Any CPU
		{3F30FC3A-A0EB-41E8-AEA1-1A362EA9FBC5}.Release|Any CPU.Build.0 = Release|Any CPU
		{D9744256-9446-4496-B0EA-62043D1B3352}.Debug|Any CPU.ActiveCfg = Debug|Any CPU
		{D9744256-9446-4496-B0EA-62043D1B3352}.Debug|Any CPU.Build.0 = Debug|Any CPU
		{D9744256-9446-4496-B0EA-62043D1B3352}.Release|Any CPU.ActiveCfg = Release|Any CPU
		{D9744256-9446-4496-B0EA-62043D1B3352}.Release|Any CPU.Build.0 = Release|Any CPU
	EndGlobalSection
	GlobalSection(SolutionProperties) = preSolution
		HideSolutionNode = FALSE
	EndGlobalSection
	GlobalSection(ExtensibilityGlobals) = postSolution
		SolutionGuid = {3649888A-8166-4DE5-B591-5FC91788B82E}
	EndGlobalSection
EndGlobal
